
Microsoft Visual Studio Solution File, Format Version 12.00
# Visual Studio Version 17
VisualStudioVersion = 17.4.33122.133
MinimumVisualStudioVersion = 10.0.40219.1
Project("{FAE04EC0-301F-11D3-BF4B-00C04F79EFBC}") = "E-business", "E-business\E-business.csproj", "{6C52C638-5142-4231-BCE4-3BD582332810}"
EndProject
Global
	GlobalSection(SolutionConfigurationPlatforms) = preSolution
		Debug|Any CPU = Debug|Any CPU
		Release|Any CPU = Release|Any CPU
	EndGlobalSection
	GlobalSection(ProjectConfigurationPlatforms) = postSolution
		{6C52C638-5142-4231-BCE4-3BD582332810}.Debug|Any CPU.ActiveCfg = Debug|Any CPU
		{6C52C638-5142-4231-BCE4-3BD582332810}.Debug|Any CPU.Build.0 = Debug|Any CPU
		{6C52C638-5142-4231-BCE4-3BD582332810}.Release|Any CPU.ActiveCfg = Release|Any CPU
		{6C52C638-5142-4231-BCE4-3BD582332810}.Release|Any CPU.Build.0 = Release|Any CPU
	EndGlobalSection
	GlobalSection(SolutionProperties) = preSolution
		HideSolutionNode = FALSE
	EndGlobalSection
	GlobalSection(ExtensibilityGlobals) = postSolution
		SolutionGuid = {885AFCA8-B4B0-40E9-8BFB-A16CD317365C}
	EndGlobalSection
EndGlobal
